
Microsoft Visual Studio Solution File, Format Version 12.00
# Visual Studio Version 17
VisualStudioVersion = 17.10.34928.147
MinimumVisualStudioVersion = 10.0.40219.1
Project("{FAE04EC0-301F-11D3-BF4B-00C04F79EFBC}") = "BlazorNet8", "BlazorNet8\BlazorNet8\BlazorNet8.csproj", "{56185760-2417-4D95-A5C9-C59DCA6B441E}"
EndProject
Project("{FAE04EC0-301F-11D3-BF4B-00C04F79EFBC}") = "BlazorNet8.Client", "BlazorNet8\BlazorNet8.Client\BlazorNet8.Client.csproj", "{05C5A600-55C3-4EEA-8C88-60F423792AE1}"
EndProject
Global
	GlobalSection(SolutionConfigurationPlatforms) = preSolution
		Debug|Any CPU = Debug|Any CPU
		Release|Any CPU = Release|Any CPU
	EndGlobalSection
	GlobalSection(ProjectConfigurationPlatforms) = postSolution
		{56185760-2417-4D95-A5C9-C59DCA6B441E}.Debug|Any CPU.ActiveCfg = Debug|Any CPU
		{56185760-2417-4D95-A5C9-C59DCA6B441E}.Debug|Any CPU.Build.0 = Debug|Any CPU
		{56185760-2417-4D95-A5C9-C59DCA6B441E}.Release|Any CPU.ActiveCfg = Release|Any CPU
		{56185760-2417-4D95-A5C9-C59DCA6B441E}.Release|Any CPU.Build.0 = Release|Any CPU
		{05C5A600-55C3-4EEA-8C88-60F423792AE1}.Debug|Any CPU.ActiveCfg = Debug|Any CPU
		{05C5A600-55C3-4EEA-8C88-60F423792AE1}.Debug|Any CPU.Build.0 = Debug|Any CPU
		{05C5A600-55C3-4EEA-8C88-60F423792AE1}.Release|Any CPU.ActiveCfg = Release|Any CPU
		{05C5A600-55C3-4EEA-8C88-60F423792AE1}.Release|Any CPU.Build.0 = Release|Any CPU
	EndGlobalSection
	GlobalSection(SolutionProperties) = preSolution
		HideSolutionNode = FALSE
	EndGlobalSection
	GlobalSection(ExtensibilityGlobals) = postSolution
		SolutionGuid = {3E432158-A261-4998-8604-6461A8D66F02}
	EndGlobalSection
EndGlobal
