
Microsoft Visual Studio Solution File, Format Version 12.00
# Visual Studio Version 17
VisualStudioVersion = 17.10.34928.147
MinimumVisualStudioVersion = 10.0.40219.1
Project("{9A19103F-16F7-4668-BE54-9A1E7A4F7556}") = "BlazorShop", "BlazorShop.csproj", "{A05A669A-DAE6-4AB1-BE22-D6B4123F2FDC}"
EndProject
Global
	GlobalSection(SolutionConfigurationPlatforms) = preSolution
		Debug|Any CPU = Debug|Any CPU
		Release|Any CPU = Release|Any CPU
	EndGlobalSection
	GlobalSection(ProjectConfigurationPlatforms) = postSolution
		{A05A669A-DAE6-4AB1-BE22-D6B4123F2FDC}.Debug|Any CPU.ActiveCfg = Debug|Any CPU
		{A05A669A-DAE6-4AB1-BE22-D6B4123F2FDC}.Debug|Any CPU.Build.0 = Debug|Any CPU
		{A05A669A-DAE6-4AB1-BE22-D6B4123F2FDC}.Release|Any CPU.ActiveCfg = Release|Any CPU
		{A05A669A-DAE6-4AB1-BE22-D6B4123F2FDC}.Release|Any CPU.Build.0 = Release|Any CPU
	EndGlobalSection
	GlobalSection(SolutionProperties) = preSolution
		HideSolutionNode = FALSE
	EndGlobalSection
	GlobalSection(ExtensibilityGlobals) = postSolution
		SolutionGuid = {7ECFEF78-5186-4661-A463-349463812A63}
	EndGlobalSection
EndGlobal
